github.com/willdonnelly/passwd v0.0.0-20141013001024-7935dab3074c h1:4+NVyrLUuEmvE3r3Xst7gPuKhAP6X04ACpMmPvtK0M0=
github.com/willdonnelly/passwd v0.0.0-20141013001024-7935dab3074c/go.mod h1:xcvfY9pOw6s4wyrhilFSbMthL6KzgrfCIETHHUOQ/fQ=
gopkg.in/check.v1 v0.0.0-20161208181325-20d25e280405 h1:yhCVgyC4o1eVCa2tZl7eS0r+SDo693bJlVdllGtEeKM=
gopkg.in/check.v1 v0.0.0-20161208181325-20d25e280405/go.mod h1:Co6ibVJAznAaIkqp8huTwlJQCZ016jof/cbN4VW5Yz0=
gopkg.in/yaml.v2 v2.4.0 h1:D8xgwECY7CYvx+Y2n4sBz93Jn9JRvxdiyyo8CTfuKaY=
gopkg.in/yaml.v2 v2.4.0/go.mod h1:RDklbk79AGWmwhnvt/jBztapEOGDOx6ZbXqjP6csGnQ=
